
Microsoft Visual Studio Solution File, Format Version 12.00
# Visual Studio Version 17
VisualStudioVersion = 17.0.31903.59
MinimumVisualStudioVersion = 10.0.40219.1
Project("{9A19103F-16F7-4668-BE54-9A1E7A4F7556}") = "Heavens.Application", "Heavens.Application\Heavens.Application.csproj", "{AB699EE9-43A8-46F2-A855-04A26DE63372}"
EndProject
Project("{9A19103F-16F7-4668-BE54-9A1E7A4F7556}") = "Heavens.EntityFramework.Core", "Heavens.EntityFramework.Core\Heavens.EntityFramework.Core.csproj", "{4BD77E5C-138D-4F2D-B709-F9020F306AF3}"
EndProject
Project("{9A19103F-16F7-4668-BE54-9A1E7A4F7556}") = "Heavens.Web.Core", "Heavens.Web.Core\Heavens.Web.Core.csproj", "{9D14BB78-DA2A-4040-B9DB-5A515B599181}"
EndProject
Project("{9A19103F-16F7-4668-BE54-9A1E7A4F7556}") = "Heavens.Core", "Heavens.Core\Heavens.Core.csproj", "{4FB30091-15C7-4FD9-AB7D-266814F360F5}"
EndProject
Project("{9A19103F-16F7-4668-BE54-9A1E7A4F7556}") = "Heavens.Database.Migrations", "Heavens.Database.Migrations\Heavens.Database.Migrations.csproj", "{EA769D36-9D55-47A6-945F-1687EA95179F}"
EndProject
Project("{9A19103F-16F7-4668-BE54-9A1E7A4F7556}") = "Heavens.Web.Entry", "Heavens.Web.Entry\Heavens.Web.Entry.csproj", "{C8D99F52-EDC7-411F-8300-6DB14BF59E8C}"
EndProject
Project("{2150E333-8FDC-42A3-9474-1A3956D46DE8}") = "00_Solution Items", "00_Solution Items", "{EADB5895-82F0-4CFD-915C-3E02053D13A7}"
	ProjectSection(SolutionItems) = preProject
		.editorconfig = .editorconfig
		.filenesting.json = .filenesting.json
	EndProjectSection
EndProject
Project("{2150E333-8FDC-42A3-9474-1A3956D46DE8}") = "01_src", "01_src", "{D500F424-9D30-454F-A103-86D7547EB231}"
EndProject
Project("{9A19103F-16F7-4668-BE54-9A1E7A4F7556}") = "Heavens.Core.Extension", "Heavens.Core.Extension\Heavens.Core.Extension.csproj", "{F5D80671-A353-4135-89AB-2FE313B59419}"
EndProject
Project("{2150E333-8FDC-42A3-9474-1A3956D46DE8}") = "02_tests", "02_tests", "{EE1DA06E-DF33-45E8-B6E3-C240E9191A85}"
EndProject
Project("{9A19103F-16F7-4668-BE54-9A1E7A4F7556}") = "Heavens.Tests", "Heavens.Tests\Heavens.Tests.csproj", "{0FBA8FB8-EA64-4996-AA34-B3C07F0D708C}"
EndProject
Project("{2150E333-8FDC-42A3-9474-1A3956D46DE8}") = "01_Db_Migrations", "01_Db_Migrations", "{82760E87-D8EC-4221-A52B-EC95AB77CF8F}"
EndProject
Project("{9A19103F-16F7-4668-BE54-9A1E7A4F7556}") = "Heavens.Enums", "Heavens.Enums\Heavens.Enums.csproj", "{5672AAFA-6A99-4C19-9131-5AD1B72436FE}"
EndProject
Project("{9A19103F-16F7-4668-BE54-9A1E7A4F7556}") = "Heavens.Tasks", "Heavens.Tasks\Heavens.Tasks.csproj", "{6DC9CF89-B679-4E30-89EC-E538978EF0BA}"
EndProject
Global
	GlobalSection(SolutionConfigurationPlatforms) = preSolution
		Debug|Any CPU = Debug|Any CPU
		Release|Any CPU = Release|Any CPU
	EndGlobalSection
	GlobalSection(ProjectConfigurationPlatforms) = postSolution
		{AB699EE9-43A8-46F2-A855-04A26DE63372}.Debug|Any CPU.ActiveCfg = Debug|Any CPU
		{AB699EE9-43A8-46F2-A855-04A26DE63372}.Debug|Any CPU.Build.0 = Debug|Any CPU
		{AB699EE9-43A8-46F2-A855-04A26DE63372}.Release|Any CPU.ActiveCfg = Release|Any CPU
		{AB699EE9-43A8-46F2-A855-04A26DE63372}.Release|Any CPU.Build.0 = Release|Any CPU
		{4BD77E5C-138D-4F2D-B709-F9020F306AF3}.Debug|Any CPU.ActiveCfg = Debug|Any CPU
		{4BD77E5C-138D-4F2D-B709-F9020F306AF3}.Debug|Any CPU.Build.0 = Debug|Any CPU
		{4BD77E5C-138D-4F2D-B709-F9020F306AF3}.Release|Any CPU.ActiveCfg = Release|Any CPU
		{4BD77E5C-138D-4F2D-B709-F9020F306AF3}.Release|Any CPU.Build.0 = Release|Any CPU
		{9D14BB78-DA2A-4040-B9DB-5A515B599181}.Debug|Any CPU.ActiveCfg = Debug|Any CPU
		{9D14BB78-DA2A-4040-B9DB-5A515B599181}.Debug|Any CPU.Build.0 = Debug|Any CPU
		{9D14BB78-DA2A-4040-B9DB-5A515B599181}.Release|Any CPU.ActiveCfg = Release|Any CPU
		{9D14BB78-DA2A-4040-B9DB-5A515B599181}.Release|Any CPU.Build.0 = Release|Any CPU
		{4FB30091-15C7-4FD9-AB7D-266814F360F5}.Debug|Any CPU.ActiveCfg = Debug|Any CPU
		{4FB30091-15C7-4FD9-AB7D-266814F360F5}.Debug|Any CPU.Build.0 = Debug|Any CPU
		{4FB30091-15C7-4FD9-AB7D-266814F360F5}.Release|Any CPU.ActiveCfg = Release|Any CPU
		{4FB30091-15C7-4FD9-AB7D-266814F360F5}.Release|Any CPU.Build.0 = Release|Any CPU
		{EA769D36-9D55-47A6-945F-1687EA95179F}.Debug|Any CPU.ActiveCfg = Debug|Any CPU
		{EA769D36-9D55-47A6-945F-1687EA95179F}.Debug|Any CPU.Build.0 = Debug|Any CPU
		{EA769D36-9D55-47A6-945F-1687EA95179F}.Release|Any CPU.ActiveCfg = Release|Any CPU
		{EA769D36-9D55-47A6-945F-1687EA95179F}.Release|Any CPU.Build.0 = Release|Any CPU
		{C8D99F52-EDC7-411F-8300-6DB14BF59E8C}.Debug|Any CPU.ActiveCfg = Debug|Any CPU
		{C8D99F52-EDC7-411F-8300-6DB14BF59E8C}.Debug|Any CPU.Build.0 = Debug|Any CPU
		{C8D99F52-EDC7-411F-8300-6DB14BF59E8C}.Release|Any CPU.ActiveCfg = Release|Any CPU
		{C8D99F52-EDC7-411F-8300-6DB14BF59E8C}.Release|Any CPU.Build.0 = Release|Any CPU
		{F5D80671-A353-4135-89AB-2FE313B59419}.Debug|Any CPU.ActiveCfg = Debug|Any CPU
		{F5D80671-A353-4135-89AB-2FE313B59419}.Debug|Any CPU.Build.0 = Debug|Any CPU
		{F5D80671-A353-4135-89AB-2FE313B59419}.Release|Any CPU.ActiveCfg = Release|Any CPU
		{F5D80671-A353-4135-89AB-2FE313B59419}.Release|Any CPU.Build.0 = Release|Any CPU
		{0FBA8FB8-EA64-4996-AA34-B3C07F0D708C}.Debug|Any CPU.ActiveCfg = Debug|Any CPU
		{0FBA8FB8-EA64-4996-AA34-B3C07F0D708C}.Debug|Any CPU.Build.0 = Debug|Any CPU
		{0FBA8FB8-EA64-4996-AA34-B3C07F0D708C}.Release|Any CPU.ActiveCfg = Release|Any CPU
		{0FBA8FB8-EA64-4996-AA34-B3C07F0D708C}.Release|Any CPU.Build.0 = Release|Any CPU
		{5672AAFA-6A99-4C19-9131-5AD1B72436FE}.Debug|Any CPU.ActiveCfg = Debug|Any CPU
		{5672AAFA-6A99-4C19-9131-5AD1B72436FE}.Debug|Any CPU.Build.0 = Debug|Any CPU
		{5672AAFA-6A99-4C19-9131-5AD1B72436FE}.Release|Any CPU.ActiveCfg = Release|Any CPU
		{5672AAFA-6A99-4C19-9131-5AD1B72436FE}.Release|Any CPU.Build.0 = Release|Any CPU
		{6DC9CF89-B679-4E30-89EC-E538978EF0BA}.Debug|Any CPU.ActiveCfg = Debug|Any CPU
		{6DC9CF89-B679-4E30-89EC-E538978EF0BA}.Debug|Any CPU.Build.0 = Debug|Any CPU
		{6DC9CF89-B679-4E30-89EC-E538978EF0BA}.Release|Any CPU.ActiveCfg = Release|Any CPU
		{6DC9CF89-B679-4E30-89EC-E538978EF0BA}.Release|Any CPU.Build.0 = Release|Any CPU
	EndGlobalSection
	GlobalSection(SolutionProperties) = preSolution
		HideSolutionNode = FALSE
	EndGlobalSection
	GlobalSection(NestedProjects) = preSolution
		{AB699EE9-43A8-46F2-A855-04A26DE63372} = {D500F424-9D30-454F-A103-86D7547EB231}
		{4BD77E5C-138D-4F2D-B709-F9020F306AF3} = {82760E87-D8EC-4221-A52B-EC95AB77CF8F}
		{9D14BB78-DA2A-4040-B9DB-5A515B599181} = {D500F424-9D30-454F-A103-86D7547EB231}
		{4FB30091-15C7-4FD9-AB7D-266814F360F5} = {D500F424-9D30-454F-A103-86D7547EB231}
		{EA769D36-9D55-47A6-945F-1687EA95179F} = {82760E87-D8EC-4221-A52B-EC95AB77CF8F}
		{C8D99F52-EDC7-411F-8300-6DB14BF59E8C} = {D500F424-9D30-454F-A103-86D7547EB231}
		{F5D80671-A353-4135-89AB-2FE313B59419} = {D500F424-9D30-454F-A103-86D7547EB231}
		{0FBA8FB8-EA64-4996-AA34-B3C07F0D708C} = {EE1DA06E-DF33-45E8-B6E3-C240E9191A85}
		{82760E87-D8EC-4221-A52B-EC95AB77CF8F} = {D500F424-9D30-454F-A103-86D7547EB231}
		{5672AAFA-6A99-4C19-9131-5AD1B72436FE} = {D500F424-9D30-454F-A103-86D7547EB231}
		{6DC9CF89-B679-4E30-89EC-E538978EF0BA} = {D500F424-9D30-454F-A103-86D7547EB231}
	EndGlobalSection
	GlobalSection(ExtensibilityGlobals) = postSolution
		SolutionGuid = {B2073C2C-0FD3-452B-8047-8134D68E12CE}
	EndGlobalSection
EndGlobal
